
Microsoft Visual Studio Solution File, Format Version 12.00
# Visual Studio Version 17
VisualStudioVersion = 17.0.31903.59
MinimumVisualStudioVersion = 10.0.40219.1
Project("{2150E333-8FDC-42A3-9474-1A3956D46DE8}") = "src", "src", "{10C5B12B-DB12-4DC4-AC55-E099F32EEFBE}"
EndProject
Project("{2150E333-8FDC-42A3-9474-1A3956D46DE8}") = "Services", "Services", "{872800AA-75E1-4293-A682-3C26E0025DDD}"
EndProject
Project("{2150E333-8FDC-42A3-9474-1A3956D46DE8}") = "Inventorying", "Inventorying", "{860E8D8C-68AC-450C-8D28-6604555C7E5A}"
EndProject
Project("{FAE04EC0-301F-11D3-BF4B-00C04F79EFBC}") = "Inventorying.Domain", "src\Services\Inventorying\Inventorying.Domain\Inventorying.Domain.csproj", "{69C1646B-3966-46F7-8643-5BE13C402814}"
EndProject
Project("{FAE04EC0-301F-11D3-BF4B-00C04F79EFBC}") = "Inventorying.API", "src\Services\Inventorying\Inventorying.API\Inventorying.API.csproj", "{CDE87A1E-A76A-402D-945C-BB318C4000EB}"
EndProject
Project("{FAE04EC0-301F-11D3-BF4B-00C04F79EFBC}") = "Inventorying.Infrastructure", "src\Services\Inventorying\Inventorying.Infrastructure\Inventorying.Infrastructure.csproj", "{6B6F3B41-2B0A-4181-9BE1-FBFC41264670}"
EndProject
Project("{2150E333-8FDC-42A3-9474-1A3956D46DE8}") = "BuildingBlocks", "BuildingBlocks", "{D638A5F8-36AE-48A1-BEFA-769CC5C34B0F}"
EndProject
Project("{2150E333-8FDC-42A3-9474-1A3956D46DE8}") = "EventBus", "EventBus", "{D3A30770-7C4E-48B7-B4DD-C252ED6881DE}"
EndProject
Project("{FAE04EC0-301F-11D3-BF4B-00C04F79EFBC}") = "EventBus", "src\BuildingBlocks\EventBus\EventBus\EventBus.csproj", "{436C15AB-4041-4526-8908-059D85168321}"
EndProject
Project("{FAE04EC0-301F-11D3-BF4B-00C04F79EFBC}") = "IntegrationEventLogEF", "src\BuildingBlocks\EventBus\IntegrationEventLogEF\IntegrationEventLogEF.csproj", "{AE8C671E-21AA-4C78-B6C5-92E44A15AA5B}"
EndProject
Project("{FAE04EC0-301F-11D3-BF4B-00C04F79EFBC}") = "Services.Common", "src\Services\Services.Common\Services.Common.csproj", "{59E9497D-DDAC-45BE-9D08-D4DA595720BD}"
EndProject
Project("{FAE04EC0-301F-11D3-BF4B-00C04F79EFBC}") = "EventBusServiceBus", "src\BuildingBlocks\EventBus\EventBusServiceBus\EventBusServiceBus.csproj", "{655A944D-3FA2-4793-897F-738227A994A4}"
EndProject
Project("{FAE04EC0-301F-11D3-BF4B-00C04F79EFBC}") = "EventBusRabbitMQ", "src\BuildingBlocks\EventBus\EventBusRabbitMQ\EventBusRabbitMQ.csproj", "{A51F06EF-69FF-44B9-99E6-48F32D8FF148}"
EndProject
Global
	GlobalSection(SolutionConfigurationPlatforms) = preSolution
		Debug|Any CPU = Debug|Any CPU
		Release|Any CPU = Release|Any CPU
	EndGlobalSection
	GlobalSection(SolutionProperties) = preSolution
		HideSolutionNode = FALSE
	EndGlobalSection
	GlobalSection(NestedProjects) = preSolution
		{872800AA-75E1-4293-A682-3C26E0025DDD} = {10C5B12B-DB12-4DC4-AC55-E099F32EEFBE}
		{860E8D8C-68AC-450C-8D28-6604555C7E5A} = {872800AA-75E1-4293-A682-3C26E0025DDD}
		{69C1646B-3966-46F7-8643-5BE13C402814} = {860E8D8C-68AC-450C-8D28-6604555C7E5A}
		{CDE87A1E-A76A-402D-945C-BB318C4000EB} = {860E8D8C-68AC-450C-8D28-6604555C7E5A}
		{6B6F3B41-2B0A-4181-9BE1-FBFC41264670} = {860E8D8C-68AC-450C-8D28-6604555C7E5A}
		{D638A5F8-36AE-48A1-BEFA-769CC5C34B0F} = {10C5B12B-DB12-4DC4-AC55-E099F32EEFBE}
		{D3A30770-7C4E-48B7-B4DD-C252ED6881DE} = {D638A5F8-36AE-48A1-BEFA-769CC5C34B0F}
		{436C15AB-4041-4526-8908-059D85168321} = {D3A30770-7C4E-48B7-B4DD-C252ED6881DE}
		{AE8C671E-21AA-4C78-B6C5-92E44A15AA5B} = {D3A30770-7C4E-48B7-B4DD-C252ED6881DE}
		{59E9497D-DDAC-45BE-9D08-D4DA595720BD} = {872800AA-75E1-4293-A682-3C26E0025DDD}
		{655A944D-3FA2-4793-897F-738227A994A4} = {D3A30770-7C4E-48B7-B4DD-C252ED6881DE}
		{A51F06EF-69FF-44B9-99E6-48F32D8FF148} = {D3A30770-7C4E-48B7-B4DD-C252ED6881DE}
	EndGlobalSection
	GlobalSection(ProjectConfigurationPlatforms) = postSolution
		{69C1646B-3966-46F7-8643-5BE13C402814}.Debug|Any CPU.ActiveCfg = Debug|Any CPU
		{69C1646B-3966-46F7-8643-5BE13C402814}.Debug|Any CPU.Build.0 = Debug|Any CPU
		{69C1646B-3966-46F7-8643-5BE13C402814}.Release|Any CPU.ActiveCfg = Release|Any CPU
		{69C1646B-3966-46F7-8643-5BE13C402814}.Release|Any CPU.Build.0 = Release|Any CPU
		{CDE87A1E-A76A-402D-945C-BB318C4000EB}.Debug|Any CPU.ActiveCfg = Debug|Any CPU
		{CDE87A1E-A76A-402D-945C-BB318C4000EB}.Debug|Any CPU.Build.0 = Debug|Any CPU
		{CDE87A1E-A76A-402D-945C-BB318C4000EB}.Release|Any CPU.ActiveCfg = Release|Any CPU
		{CDE87A1E-A76A-402D-945C-BB318C4000EB}.Release|Any CPU.Build.0 = Release|Any CPU
		{6B6F3B41-2B0A-4181-9BE1-FBFC41264670}.Debug|Any CPU.ActiveCfg = Debug|Any CPU
		{6B6F3B41-2B0A-4181-9BE1-FBFC41264670}.Debug|Any CPU.Build.0 = Debug|Any CPU
		{6B6F3B41-2B0A-4181-9BE1-FBFC41264670}.Release|Any CPU.ActiveCfg = Release|Any CPU
		{6B6F3B41-2B0A-4181-9BE1-FBFC41264670}.Release|Any CPU.Build.0 = Release|Any CPU
		{436C15AB-4041-4526-8908-059D85168321}.Debug|Any CPU.ActiveCfg = Debug|Any CPU
		{436C15AB-4041-4526-8908-059D85168321}.Debug|Any CPU.Build.0 = Debug|Any CPU
		{436C15AB-4041-4526-8908-059D85168321}.Release|Any CPU.ActiveCfg = Release|Any CPU
		{436C15AB-4041-4526-8908-059D85168321}.Release|Any CPU.Build.0 = Release|Any CPU
		{AE8C671E-21AA-4C78-B6C5-92E44A15AA5B}.Debug|Any CPU.ActiveCfg = Debug|Any CPU
		{AE8C671E-21AA-4C78-B6C5-92E44A15AA5B}.Debug|Any CPU.Build.0 = Debug|Any CPU
		{AE8C671E-21AA-4C78-B6C5-92E44A15AA5B}.Release|Any CPU.ActiveCfg = Release|Any CPU
		{AE8C671E-21AA-4C78-B6C5-92E44A15AA5B}.Release|Any CPU.Build.0 = Release|Any CPU
		{59E9497D-DDAC-45BE-9D08-D4DA595720BD}.Debug|Any CPU.ActiveCfg = Debug|Any CPU
		{59E9497D-DDAC-45BE-9D08-D4DA595720BD}.Debug|Any CPU.Build.0 = Debug|Any CPU
		{59E9497D-DDAC-45BE-9D08-D4DA595720BD}.Release|Any CPU.ActiveCfg = Release|Any CPU
		{59E9497D-DDAC-45BE-9D08-D4DA595720BD}.Release|Any CPU.Build.0 = Release|Any CPU
		{655A944D-3FA2-4793-897F-738227A994A4}.Debug|Any CPU.ActiveCfg = Debug|Any CPU
		{655A944D-3FA2-4793-897F-738227A994A4}.Debug|Any CPU.Build.0 = Debug|Any CPU
		{655A944D-3FA2-4793-897F-738227A994A4}.Release|Any CPU.ActiveCfg = Release|Any CPU
		{655A944D-3FA2-4793-897F-738227A994A4}.Release|Any CPU.Build.0 = Release|Any CPU
		{A51F06EF-69FF-44B9-99E6-48F32D8FF148}.Debug|Any CPU.ActiveCfg = Debug|Any CPU
		{A51F06EF-69FF-44B9-99E6-48F32D8FF148}.Debug|Any CPU.Build.0 = Debug|Any CPU
		{A51F06EF-69FF-44B9-99E6-48F32D8FF148}.Release|Any CPU.ActiveCfg = Release|Any CPU
		{A51F06EF-69FF-44B9-99E6-48F32D8FF148}.Release|Any CPU.Build.0 = Release|Any CPU
	EndGlobalSection
EndGlobal
