
Microsoft Visual Studio Solution File, Format Version 12.00
# Visual Studio Version 17
VisualStudioVersion = 17.0.31903.59
MinimumVisualStudioVersion = 10.0.40219.1
Project("{2150E333-8FDC-42A3-9474-1A3956D46DE8}") = "Domain", "Domain", "{6C65E8C0-91C2-4C41-8BBD-377391BE4081}"
EndProject
Project("{2150E333-8FDC-42A3-9474-1A3956D46DE8}") = "Framework", "Framework", "{AB82BA61-18E6-46A3-80C6-A356C55C7BD3}"
EndProject
Project("{FAE04EC0-301F-11D3-BF4B-00C04F79EFBC}") = "ERP.Domain", "Domain\ERP.Domain\ERP.Domain.csproj", "{95C41CB4-09B0-4D7D-A25E-66070FE3F740}"
EndProject
Project("{FAE04EC0-301F-11D3-BF4B-00C04F79EFBC}") = "ERP.Framework", "Framework\ERP.Framework\ERP.Framework.csproj", "{559F77FA-5E5A-4121-A338-42C00D9DFB98}"
EndProject
Project("{2150E333-8FDC-42A3-9474-1A3956D46DE8}") = "UI", "UI", "{DF966A20-A83E-4441-8A89-7B6BF4F669DB}"
EndProject
Project("{FAE04EC0-301F-11D3-BF4B-00C04F79EFBC}") = "ERP.UI", "UI\ERP.UI\ERP.UI.csproj", "{2C3FC432-AB1F-4129-AF2E-43CE62A105EA}"
EndProject
Project("{2150E333-8FDC-42A3-9474-1A3956D46DE8}") = "API", "API", "{3345D0E7-2A4D-4BA0-B043-ACF20979047D}"
EndProject
Project("{FAE04EC0-301F-11D3-BF4B-00C04F79EFBC}") = "ERP.API", "API\ERP.API\ERP.API.csproj", "{225C04A8-665C-41C8-B984-A5BA558004F8}"
EndProject
Global
	GlobalSection(SolutionConfigurationPlatforms) = preSolution
		Debug|Any CPU = Debug|Any CPU
		Release|Any CPU = Release|Any CPU
	EndGlobalSection
	GlobalSection(SolutionProperties) = preSolution
		HideSolutionNode = FALSE
	EndGlobalSection
	GlobalSection(NestedProjects) = preSolution
		{95C41CB4-09B0-4D7D-A25E-66070FE3F740} = {6C65E8C0-91C2-4C41-8BBD-377391BE4081}
		{559F77FA-5E5A-4121-A338-42C00D9DFB98} = {AB82BA61-18E6-46A3-80C6-A356C55C7BD3}
		{2C3FC432-AB1F-4129-AF2E-43CE62A105EA} = {DF966A20-A83E-4441-8A89-7B6BF4F669DB}
		{225C04A8-665C-41C8-B984-A5BA558004F8} = {3345D0E7-2A4D-4BA0-B043-ACF20979047D}
	EndGlobalSection
	GlobalSection(ProjectConfigurationPlatforms) = postSolution
		{95C41CB4-09B0-4D7D-A25E-66070FE3F740}.Debug|Any CPU.ActiveCfg = Debug|Any CPU
		{95C41CB4-09B0-4D7D-A25E-66070FE3F740}.Debug|Any CPU.Build.0 = Debug|Any CPU
		{95C41CB4-09B0-4D7D-A25E-66070FE3F740}.Release|Any CPU.ActiveCfg = Release|Any CPU
		{95C41CB4-09B0-4D7D-A25E-66070FE3F740}.Release|Any CPU.Build.0 = Release|Any CPU
		{559F77FA-5E5A-4121-A338-42C00D9DFB98}.Debug|Any CPU.ActiveCfg = Debug|Any CPU
		{559F77FA-5E5A-4121-A338-42C00D9DFB98}.Debug|Any CPU.Build.0 = Debug|Any CPU
		{559F77FA-5E5A-4121-A338-42C00D9DFB98}.Release|Any CPU.ActiveCfg = Release|Any CPU
		{559F77FA-5E5A-4121-A338-42C00D9DFB98}.Release|Any CPU.Build.0 = Release|Any CPU
		{2C3FC432-AB1F-4129-AF2E-43CE62A105EA}.Debug|Any CPU.ActiveCfg = Debug|Any CPU
		{2C3FC432-AB1F-4129-AF2E-43CE62A105EA}.Debug|Any CPU.Build.0 = Debug|Any CPU
		{2C3FC432-AB1F-4129-AF2E-43CE62A105EA}.Release|Any CPU.ActiveCfg = Release|Any CPU
		{2C3FC432-AB1F-4129-AF2E-43CE62A105EA}.Release|Any CPU.Build.0 = Release|Any CPU
		{225C04A8-665C-41C8-B984-A5BA558004F8}.Debug|Any CPU.ActiveCfg = Debug|Any CPU
		{225C04A8-665C-41C8-B984-A5BA558004F8}.Debug|Any CPU.Build.0 = Debug|Any CPU
		{225C04A8-665C-41C8-B984-A5BA558004F8}.Release|Any CPU.ActiveCfg = Release|Any CPU
		{225C04A8-665C-41C8-B984-A5BA558004F8}.Release|Any CPU.Build.0 = Release|Any CPU
	EndGlobalSection
EndGlobal
